
Microsoft Visual Studio Solution File, Format Version 12.00
# Visual Studio 2013
VisualStudioVersion = 12.0.21005.1
MinimumVisualStudioVersion = 10.0.40219.1
Project("{FAE04EC0-301F-11D3-BF4B-00C04F79EFBC}") = "TestProject", "TestProject\TestProject.NET45.csproj", "{A90F8BF2-7BE1-4C34-8B3D-6308B3C87DA2}"
EndProject
Project("{FAE04EC0-301F-11D3-BF4B-00C04F79EFBC}") = "TestProject.UnitTests", "TestProject.UnitTests\TestProject.NET45.UnitTests.csproj", "{26E09770-E89F-4E53-A27E-E27442D90592}"
	ProjectSection(ProjectDependencies) = postProject
		{A90F8BF2-7BE1-4C34-8B3D-6308B3C87DA2} = {A90F8BF2-7BE1-4C34-8B3D-6308B3C87DA2}
	EndProjectSection
EndProject
Global
	GlobalSection(SolutionConfigurationPlatforms) = preSolution
		Debug|Any CPU = Debug|Any CPU
		Release|Any CPU = Release|Any CPU
	EndGlobalSection
	GlobalSection(ProjectConfigurationPlatforms) = postSolution
		{A90F8BF2-7BE1-4C34-8B3D-6308B3C87DA2}.Debug|Any CPU.ActiveCfg = Debug|Any CPU
		{A90F8BF2-7BE1-4C34-8B3D-6308B3C87DA2}.Debug|Any CPU.Build.0 = Debug|Any CPU
		{A90F8BF2-7BE1-4C34-8B3D-6308B3C87DA2}.Release|Any CPU.ActiveCfg = Release|Any CPU
		{A90F8BF2-7BE1-4C34-8B3D-6308B3C87DA2}.Release|Any CPU.Build.0 = Release|Any CPU
		{26E09770-E89F-4E53-A27E-E27442D90592}.Debug|Any CPU.ActiveCfg = Debug|Any CPU
		{26E09770-E89F-4E53-A27E-E27442D90592}.Debug|Any CPU.Build.0 = Debug|Any CPU
		{26E09770-E89F-4E53-A27E-E27442D90592}.Release|Any CPU.ActiveCfg = Release|Any CPU
		{26E09770-E89F-4E53-A27E-E27442D90592}.Release|Any CPU.Build.0 = Release|Any CPU
	EndGlobalSection
	GlobalSection(SolutionProperties) = preSolution
		HideSolutionNode = FALSE
	EndGlobalSection
EndGlobal
